
Microsoft Visual Studio Solution File, Format Version 12.00
# Visual Studio Version 17
VisualStudioVersion = 17.5.002.0
MinimumVisualStudioVersion = 10.0.40219.1
Project("{2150E333-8FDC-42A3-9474-1A3956D46DE8}") = "sandbox", "sandbox", "{7AA60B8F-5A40-4121-8AD5-64CCFA2F75D9}"
EndProject
Project("{9A19103F-16F7-4668-BE54-9A1E7A4F7556}") = "sandbox_project", "sandbox\sandbox_project\sandbox_project.csproj", "{36E2AB18-5DC1-414F-9E2C-27E980A356B8}"
EndProject
Project("{2150E333-8FDC-42A3-9474-1A3956D46DE8}") = "week01", "week01", "{EF8AEF98-2E70-4C0D-81D7-FB0E8EAE14F3}"
EndProject
Project("{9A19103F-16F7-4668-BE54-9A1E7A4F7556}") = "analyze", "week01\analyze\analyze.csproj", "{CC6E9C67-1E11-477A-9257-BA467E98FE9D}"
EndProject
Project("{9A19103F-16F7-4668-BE54-9A1E7A4F7556}") = "code", "week01\code\code.csproj", "{9C3605F7-0693-4AD1-9663-B1E1002DB35D}"
EndProject
Project("{9A19103F-16F7-4668-BE54-9A1E7A4F7556}") = "teach", "week01\teach\teach.csproj", "{AF89116B-C7A4-4FCA-BCE9-FB8A4B4D41C6}"
EndProject
Project("{2150E333-8FDC-42A3-9474-1A3956D46DE8}") = "week02", "week02", "{770F2FB1-42C3-4624-BA57-3443CDE9D0A0}"
EndProject
Project("{9A19103F-16F7-4668-BE54-9A1E7A4F7556}") = "analyze", "week02\analyze\analyze.csproj", "{04950D65-5362-481A-B0ED-CF7332F71CA5}"
EndProject
Project("{9A19103F-16F7-4668-BE54-9A1E7A4F7556}") = "code", "week02\code\code.csproj", "{909F64BA-553E-40C8-B42E-B76C986A236E}"
EndProject
Project("{9A19103F-16F7-4668-BE54-9A1E7A4F7556}") = "learn", "week02\learn\learn.csproj", "{F6BBA5A4-B4A0-461C-9DE8-F9CB181BD08E}"
EndProject
Project("{9A19103F-16F7-4668-BE54-9A1E7A4F7556}") = "teach", "week02\teach\teach.csproj", "{B090EDF7-F96B-4D06-A070-B5EB7E81AAAB}"
EndProject
Project("{2150E333-8FDC-42A3-9474-1A3956D46DE8}") = "week03", "week03", "{37497777-6D7D-4BAE-B7B3-5EFDE8E7D65C}"
EndProject
Project("{9A19103F-16F7-4668-BE54-9A1E7A4F7556}") = "code", "week03\code\code.csproj", "{46BF3B7B-6F5C-4B14-AB32-677B1F787924}"
EndProject
Project("{9A19103F-16F7-4668-BE54-9A1E7A4F7556}") = "learn", "week03\learn\learn.csproj", "{E59215CE-7BE5-4597-B47E-851A6ECF6E24}"
EndProject
Project("{9A19103F-16F7-4668-BE54-9A1E7A4F7556}") = "teach", "week03\teach\teach.csproj", "{7F02DFA1-794D-48B4-92AC-05984E4D9F53}"
EndProject
Project("{2150E333-8FDC-42A3-9474-1A3956D46DE8}") = "week04", "week04", "{753EAA60-CEDE-480A-9646-24FEA67FD06E}"
EndProject
Project("{9A19103F-16F7-4668-BE54-9A1E7A4F7556}") = "code", "week04\code\code.csproj", "{B4DB7A7E-2FF4-4C8A-9ED3-5AE050C6190A}"
EndProject
Project("{2150E333-8FDC-42A3-9474-1A3956D46DE8}") = "week05", "week05", "{920749FF-3E3F-46F3-B9CA-4C85C3E36AE3}"
EndProject
Project("{9A19103F-16F7-4668-BE54-9A1E7A4F7556}") = "code", "week05\code\code.csproj", "{FC28DC4B-DEF3-4023-A6D5-8AE67061E068}"
EndProject
Project("{2150E333-8FDC-42A3-9474-1A3956D46DE8}") = "week06", "week06", "{498A323F-F14D-4AD4-B77C-3AAC9AB61428}"
EndProject
Project("{9A19103F-16F7-4668-BE54-9A1E7A4F7556}") = "code", "week06\code\code.csproj", "{73B0ABD4-CB31-47E4-90FD-334CAA0E6E7C}"
EndProject
Global
	GlobalSection(SolutionConfigurationPlatforms) = preSolution
		Debug|Any CPU = Debug|Any CPU
		Release|Any CPU = Release|Any CPU
	EndGlobalSection
	GlobalSection(ProjectConfigurationPlatforms) = postSolution
		{36E2AB18-5DC1-414F-9E2C-27E980A356B8}.Debug|Any CPU.ActiveCfg = Debug|Any CPU
		{36E2AB18-5DC1-414F-9E2C-27E980A356B8}.Debug|Any CPU.Build.0 = Debug|Any CPU
		{36E2AB18-5DC1-414F-9E2C-27E980A356B8}.Release|Any CPU.ActiveCfg = Release|Any CPU
		{36E2AB18-5DC1-414F-9E2C-27E980A356B8}.Release|Any CPU.Build.0 = Release|Any CPU
		{CC6E9C67-1E11-477A-9257-BA467E98FE9D}.Debug|Any CPU.ActiveCfg = Debug|Any CPU
		{CC6E9C67-1E11-477A-9257-BA467E98FE9D}.Debug|Any CPU.Build.0 = Debug|Any CPU
		{CC6E9C67-1E11-477A-9257-BA467E98FE9D}.Release|Any CPU.ActiveCfg = Release|Any CPU
		{CC6E9C67-1E11-477A-9257-BA467E98FE9D}.Release|Any CPU.Build.0 = Release|Any CPU
		{9C3605F7-0693-4AD1-9663-B1E1002DB35D}.Debug|Any CPU.ActiveCfg = Debug|Any CPU
		{9C3605F7-0693-4AD1-9663-B1E1002DB35D}.Debug|Any CPU.Build.0 = Debug|Any CPU
		{9C3605F7-0693-4AD1-9663-B1E1002DB35D}.Release|Any CPU.ActiveCfg = Release|Any CPU
		{9C3605F7-0693-4AD1-9663-B1E1002DB35D}.Release|Any CPU.Build.0 = Release|Any CPU
		{AF89116B-C7A4-4FCA-BCE9-FB8A4B4D41C6}.Debug|Any CPU.ActiveCfg = Debug|Any CPU
		{AF89116B-C7A4-4FCA-BCE9-FB8A4B4D41C6}.Debug|Any CPU.Build.0 = Debug|Any CPU
		{AF89116B-C7A4-4FCA-BCE9-FB8A4B4D41C6}.Release|Any CPU.ActiveCfg = Release|Any CPU
		{AF89116B-C7A4-4FCA-BCE9-FB8A4B4D41C6}.Release|Any CPU.Build.0 = Release|Any CPU
		{04950D65-5362-481A-B0ED-CF7332F71CA5}.Debug|Any CPU.ActiveCfg = Debug|Any CPU
		{04950D65-5362-481A-B0ED-CF7332F71CA5}.Debug|Any CPU.Build.0 = Debug|Any CPU
		{04950D65-5362-481A-B0ED-CF7332F71CA5}.Release|Any CPU.ActiveCfg = Release|Any CPU
		{04950D65-5362-481A-B0ED-CF7332F71CA5}.Release|Any CPU.Build.0 = Release|Any CPU
		{909F64BA-553E-40C8-B42E-B76C986A236E}.Debug|Any CPU.ActiveCfg = Debug|Any CPU
		{909F64BA-553E-40C8-B42E-B76C986A236E}.Debug|Any CPU.Build.0 = Debug|Any CPU
		{909F64BA-553E-40C8-B42E-B76C986A236E}.Release|Any CPU.ActiveCfg = Release|Any CPU
		{909F64BA-553E-40C8-B42E-B76C986A236E}.Release|Any CPU.Build.0 = Release|Any CPU
		{F6BBA5A4-B4A0-461C-9DE8-F9CB181BD08E}.Debug|Any CPU.ActiveCfg = Debug|Any CPU
		{F6BBA5A4-B4A0-461C-9DE8-F9CB181BD08E}.Debug|Any CPU.Build.0 = Debug|Any CPU
		{F6BBA5A4-B4A0-461C-9DE8-F9CB181BD08E}.Release|Any CPU.ActiveCfg = Release|Any CPU
		{F6BBA5A4-B4A0-461C-9DE8-F9CB181BD08E}.Release|Any CPU.Build.0 = Release|Any CPU
		{B090EDF7-F96B-4D06-A070-B5EB7E81AAAB}.Debug|Any CPU.ActiveCfg = Debug|Any CPU
		{B090EDF7-F96B-4D06-A070-B5EB7E81AAAB}.Debug|Any CPU.Build.0 = Debug|Any CPU
		{B090EDF7-F96B-4D06-A070-B5EB7E81AAAB}.Release|Any CPU.ActiveCfg = Release|Any CPU
		{B090EDF7-F96B-4D06-A070-B5EB7E81AAAB}.Release|Any CPU.Build.0 = Release|Any CPU
		{46BF3B7B-6F5C-4B14-AB32-677B1F787924}.Debug|Any CPU.ActiveCfg = Debug|Any CPU
		{46BF3B7B-6F5C-4B14-AB32-677B1F787924}.Debug|Any CPU.Build.0 = Debug|Any CPU
		{46BF3B7B-6F5C-4B14-AB32-677B1F787924}.Release|Any CPU.ActiveCfg = Release|Any CPU
		{46BF3B7B-6F5C-4B14-AB32-677B1F787924}.Release|Any CPU.Build.0 = Release|Any CPU
		{E59215CE-7BE5-4597-B47E-851A6ECF6E24}.Debug|Any CPU.ActiveCfg = Debug|Any CPU
		{E59215CE-7BE5-4597-B47E-851A6ECF6E24}.Debug|Any CPU.Build.0 = Debug|Any CPU
		{E59215CE-7BE5-4597-B47E-851A6ECF6E24}.Release|Any CPU.ActiveCfg = Release|Any CPU
		{E59215CE-7BE5-4597-B47E-851A6ECF6E24}.Release|Any CPU.Build.0 = Release|Any CPU
		{7F02DFA1-794D-48B4-92AC-05984E4D9F53}.Debug|Any CPU.ActiveCfg = Debug|Any CPU
		{7F02DFA1-794D-48B4-92AC-05984E4D9F53}.Debug|Any CPU.Build.0 = Debug|Any CPU
		{7F02DFA1-794D-48B4-92AC-05984E4D9F53}.Release|Any CPU.ActiveCfg = Release|Any CPU
		{7F02DFA1-794D-48B4-92AC-05984E4D9F53}.Release|Any CPU.Build.0 = Release|Any CPU
		{B4DB7A7E-2FF4-4C8A-9ED3-5AE050C6190A}.Debug|Any CPU.ActiveCfg = Debug|Any CPU
		{B4DB7A7E-2FF4-4C8A-9ED3-5AE050C6190A}.Debug|Any CPU.Build.0 = Debug|Any CPU
		{B4DB7A7E-2FF4-4C8A-9ED3-5AE050C6190A}.Release|Any CPU.ActiveCfg = Release|Any CPU
		{B4DB7A7E-2FF4-4C8A-9ED3-5AE050C6190A}.Release|Any CPU.Build.0 = Release|Any CPU
		{FC28DC4B-DEF3-4023-A6D5-8AE67061E068}.Debug|Any CPU.ActiveCfg = Debug|Any CPU
		{FC28DC4B-DEF3-4023-A6D5-8AE67061E068}.Debug|Any CPU.Build.0 = Debug|Any CPU
		{FC28DC4B-DEF3-4023-A6D5-8AE67061E068}.Release|Any CPU.ActiveCfg = Release|Any CPU
		{FC28DC4B-DEF3-4023-A6D5-8AE67061E068}.Release|Any CPU.Build.0 = Release|Any CPU
		{73B0ABD4-CB31-47E4-90FD-334CAA0E6E7C}.Debug|Any CPU.ActiveCfg = Debug|Any CPU
		{73B0ABD4-CB31-47E4-90FD-334CAA0E6E7C}.Debug|Any CPU.Build.0 = Debug|Any CPU
		{73B0ABD4-CB31-47E4-90FD-334CAA0E6E7C}.Release|Any CPU.ActiveCfg = Release|Any CPU
		{73B0ABD4-CB31-47E4-90FD-334CAA0E6E7C}.Release|Any CPU.Build.0 = Release|Any CPU
	EndGlobalSection
	GlobalSection(SolutionProperties) = preSolution
		HideSolutionNode = FALSE
	EndGlobalSection
	GlobalSection(NestedProjects) = preSolution
		{36E2AB18-5DC1-414F-9E2C-27E980A356B8} = {7AA60B8F-5A40-4121-8AD5-64CCFA2F75D9}
		{CC6E9C67-1E11-477A-9257-BA467E98FE9D} = {EF8AEF98-2E70-4C0D-81D7-FB0E8EAE14F3}
		{9C3605F7-0693-4AD1-9663-B1E1002DB35D} = {EF8AEF98-2E70-4C0D-81D7-FB0E8EAE14F3}
		{AF89116B-C7A4-4FCA-BCE9-FB8A4B4D41C6} = {EF8AEF98-2E70-4C0D-81D7-FB0E8EAE14F3}
		{04950D65-5362-481A-B0ED-CF7332F71CA5} = {770F2FB1-42C3-4624-BA57-3443CDE9D0A0}
		{909F64BA-553E-40C8-B42E-B76C986A236E} = {770F2FB1-42C3-4624-BA57-3443CDE9D0A0}
		{F6BBA5A4-B4A0-461C-9DE8-F9CB181BD08E} = {770F2FB1-42C3-4624-BA57-3443CDE9D0A0}
		{B090EDF7-F96B-4D06-A070-B5EB7E81AAAB} = {770F2FB1-42C3-4624-BA57-3443CDE9D0A0}
		{46BF3B7B-6F5C-4B14-AB32-677B1F787924} = {37497777-6D7D-4BAE-B7B3-5EFDE8E7D65C}
		{E59215CE-7BE5-4597-B47E-851A6ECF6E24} = {37497777-6D7D-4BAE-B7B3-5EFDE8E7D65C}
		{7F02DFA1-794D-48B4-92AC-05984E4D9F53} = {37497777-6D7D-4BAE-B7B3-5EFDE8E7D65C}
		{B4DB7A7E-2FF4-4C8A-9ED3-5AE050C6190A} = {753EAA60-CEDE-480A-9646-24FEA67FD06E}
		{FC28DC4B-DEF3-4023-A6D5-8AE67061E068} = {920749FF-3E3F-46F3-B9CA-4C85C3E36AE3}
		{73B0ABD4-CB31-47E4-90FD-334CAA0E6E7C} = {498A323F-F14D-4AD4-B77C-3AAC9AB61428}
	EndGlobalSection
	GlobalSection(ExtensibilityGlobals) = postSolution
		SolutionGuid = {70F5F05A-D469-489C-AD14-5D995BEEBB88}
	EndGlobalSection
EndGlobal
